# This file is automatically @generated by Cargo.
# It is not intended for manual editing.
version = 3

[[package]]
name = "closed-interval-set"
version = "1.7.0"
source = "registry+https://github.com/rust-lang/crates.io-index"
checksum = "b4e2499d890a5b8a17aca90a4d1daed014dd7d7fa6d0db1754acbc50eab00e4a"
dependencies = [
 "smallvec",
]

[[package]]
name = "day05"
version = "0.1.0"
dependencies = [
 "closed-interval-set",
]

[[package]]
name = "smallvec"
version = "1.15.1"
source = "registry+https://github.com/rust-lang/crates.io-index"
checksum = "67b1b7a3b5fe4f1376887184045fcf45c69e92af734b7aaddc05fb777b6fbd03"
